
Microsoft Visual Studio Solution File, Format Version 10.00
# Visual C++ Express 2008
Project("{8BC9CEB8-8B4A-11D0-8D11-00A0C91BC942}") = "B4c0nwin", "B4c0nwin\B4c0nwin.vcproj", "{0231E6FE-B3AE-4C37-8416-A830677A2F60}"
EndProject
Global
	GlobalSection(SolutionConfigurationPlatforms) = preSolution
		Debug|Win32 = Debug|Win32
		Debug|Windows Mobile 5.0 Pocket PC SDK (ARMV4I) = Debug|Windows Mobile 5.0 Pocket PC SDK (ARMV4I)
		Release|Win32 = Release|Win32
		Release|Windows Mobile 5.0 Pocket PC SDK (ARMV4I) = Release|Windows Mobile 5.0 Pocket PC SDK (ARMV4I)
	EndGlobalSection
	GlobalSection(ProjectConfigurationPlatforms) = postSolution
		{0231E6FE-B3AE-4C37-8416-A830677A2F60}.Debug|Win32.ActiveCfg = Debug|Win32
		{0231E6FE-B3AE-4C37-8416-A830677A2F60}.Debug|Win32.Build.0 = Debug|Win32
		{0231E6FE-B3AE-4C37-8416-A830677A2F60}.Debug|Windows Mobile 5.0 Pocket PC SDK (ARMV4I).ActiveCfg = Debug|Win32
		{0231E6FE-B3AE-4C37-8416-A830677A2F60}.Release|Win32.ActiveCfg = Release|Win32
		{0231E6FE-B3AE-4C37-8416-A830677A2F60}.Release|Win32.Build.0 = Release|Win32
		{0231E6FE-B3AE-4C37-8416-A830677A2F60}.Release|Windows Mobile 5.0 Pocket PC SDK (ARMV4I).ActiveCfg = Release|Win32
	EndGlobalSection
	GlobalSection(SolutionProperties) = preSolution
		HideSolutionNode = FALSE
	EndGlobalSection
EndGlobal
